
Microsoft Visual Studio Solution File, Format Version 12.00
# Visual Studio 15
VisualStudioVersion = 15.0.27428.2011
MinimumVisualStudioVersion = 10.0.40219.1
Project("{FAE04EC0-301F-11D3-BF4B-00C04F79EFBC}") = "JSonDeserializeExample", "JSonDeserializeExample\JSonDeserializeExample.csproj", "{06B36360-1924-40E0-8579-FBF4F99F70EE}"
EndProject
Global
	GlobalSection(SolutionConfigurationPlatforms) = preSolution
		Debug|Any CPU = Debug|Any CPU
		Release|Any CPU = Release|Any CPU
	EndGlobalSection
	GlobalSection(ProjectConfigurationPlatforms) = postSolution
		{06B36360-1924-40E0-8579-FBF4F99F70EE}.Debug|Any CPU.ActiveCfg = Debug|Any CPU
		{06B36360-1924-40E0-8579-FBF4F99F70EE}.Debug|Any CPU.Build.0 = Debug|Any CPU
		{06B36360-1924-40E0-8579-FBF4F99F70EE}.Release|Any CPU.ActiveCfg = Release|Any CPU
		{06B36360-1924-40E0-8579-FBF4F99F70EE}.Release|Any CPU.Build.0 = Release|Any CPU
	EndGlobalSection
	GlobalSection(SolutionProperties) = preSolution
		HideSolutionNode = FALSE
	EndGlobalSection
	GlobalSection(ExtensibilityGlobals) = postSolution
		SolutionGuid = {0C43BDC9-AA16-40FD-934F-B5FFF5DFE5CC}
	EndGlobalSection
EndGlobal
